// !$*UTF8*$!
{
	archiveVersion = 1;
	classes = {
	};
	objectVersion = 50;
	objects = {

/* Begin PBXBuildFile section */
		1D4CE7944129627D688EA056 /* Pods_KinoogonTests.framework in Frameworks */ = {isa = PBXBuildFile; fileRef = AA9B222E7D893F447225AE3D /* Pods_KinoogonTests.framework */; };
		AC70FFCB6BF87857BEFCAA07 /* Pods_KinoogonUITests.framework in Frameworks */ = {isa = PBXBuildFile; fileRef = F87981D9FF6A7EB64007BAFD /* Pods_KinoogonUITests.framework */; };
		D100E56021AEA23C00864F18 /* UILabel.swift in Sources */ = {isa = PBXBuildFile; fileRef = D100E55F21AEA23C00864F18 /* UILabel.swift */; };
		D100E56221AEA77300864F18 /* UIButton.swift in Sources */ = {isa = PBXBuildFile; fileRef = D100E56121AEA77300864F18 /* UIButton.swift */; };
		D101E6B321AAB885007690CA /* SoundCloudCell.swift in Sources */ = {isa = PBXBuildFile; fileRef = D101E6B221AAB885007690CA /* SoundCloudCell.swift */; };
		D101F6B321AD400B00AE0309 /* PlayerView.xib in Resources */ = {isa = PBXBuildFile; fileRef = D101F6B121AD400B00AE0309 /* PlayerView.xib */; };
		D102F9AD21EA3C3400994A78 /* Player.swift in Sources */ = {isa = PBXBuildFile; fileRef = D102F9AC21EA3C3400994A78 /* Player.swift */; };
		D102FF4D21ABF8CD00E453D1 /* YouTubeListVC.swift in Sources */ = {isa = PBXBuildFile; fileRef = D102FF4C21ABF8CD00E453D1 /* YouTubeListVC.swift */; };
		D103513A2221180B00E6EE89 /* SlideAnimatedTransitioning.swift in Sources */ = {isa = PBXBuildFile; fileRef = D10351392221180B00E6EE89 /* SlideAnimatedTransitioning.swift */; };
		D104BAEC21AB0167001C2EAC /* video.mp4 in Resources */ = {isa = PBXBuildFile; fileRef = D104BAE921AAFFB0001C2EAC /* video.mp4 */; };
		D105646321EB9AE5004A5D24 /* Interactive.swift in Sources */ = {isa = PBXBuildFile; fileRef = D105646221EB9AE5004A5D24 /* Interactive.swift */; };
		D105C51121DF21E300EB1C14 /* GoogleService-Info.plist in Resources */ = {isa = PBXBuildFile; fileRef = D105C51021DF21E300EB1C14 /* GoogleService-Info.plist */; };
		D10A7266221E6A4A003FCA35 /* HostsVC.swift in Sources */ = {isa = PBXBuildFile; fileRef = D10A7265221E6A4A003FCA35 /* HostsVC.swift */; };
		D10A7268221E7DD9003FCA35 /* ProfileVC.swift in Sources */ = {isa = PBXBuildFile; fileRef = D10A7267221E7DD9003FCA35 /* ProfileVC.swift */; };
		D10A726A221E80F1003FCA35 /* Cell.swift in Sources */ = {isa = PBXBuildFile; fileRef = D10A7269221E80F1003FCA35 /* Cell.swift */; };
		D10A8C612248FD9500889EEC /* PinterestLayout.swift in Sources */ = {isa = PBXBuildFile; fileRef = D10A8C602248FD9500889EEC /* PinterestLayout.swift */; };
		D10A8C63224901AC00889EEC /* Pinte.swift in Sources */ = {isa = PBXBuildFile; fileRef = D10A8C62224901AC00889EEC /* Pinte.swift */; };
		D10B3883222FA63B008106B1 /* GreenVC.swift in Sources */ = {isa = PBXBuildFile; fileRef = D10B3882222FA63B008106B1 /* GreenVC.swift */; };
		D10B3885222FA64C008106B1 /* BlueVC.swift in Sources */ = {isa = PBXBuildFile; fileRef = D10B3884222FA64C008106B1 /* BlueVC.swift */; };
		D10B3887222FA927008106B1 /* RedVC.swift in Sources */ = {isa = PBXBuildFile; fileRef = D10B3886222FA927008106B1 /* RedVC.swift */; };
		D10C5FEB22154B7200AC3387 /* DataService.swift in Sources */ = {isa = PBXBuildFile; fileRef = D10C5FEA22154B7200AC3387 /* DataService.swift */; };
		D10C5FED22154BEB00AC3387 /* DataStorage.swift in Sources */ = {isa = PBXBuildFile; fileRef = D10C5FEC22154BEB00AC3387 /* DataStorage.swift */; };
		D10C5FEF2215570500AC3387 /* StandartCell.swift in Sources */ = {isa = PBXBuildFile; fileRef = D10C5FEE2215570500AC3387 /* StandartCell.swift */; };
		D10C5FF122155AA300AC3387 /* StandartTVC.swift in Sources */ = {isa = PBXBuildFile; fileRef = D10C5FF022155AA300AC3387 /* StandartTVC.swift */; };
		D10C5FF3221566A200AC3387 /* DownloadService.swift in Sources */ = {isa = PBXBuildFile; fileRef = D10C5FF2221566A200AC3387 /* DownloadService.swift */; };
		D10C5FF52215683C00AC3387 /* InfoModel.swift in Sources */ = {isa = PBXBuildFile; fileRef = D10C5FF42215683C00AC3387 /* InfoModel.swift */; };
		D111C7C621B443960002EFFC /* TopListVC.swift in Sources */ = {isa = PBXBuildFile; fileRef = D111C7C521B443960002EFFC /* TopListVC.swift */; };
		D164FF0621E79D3F003BA1B3 /* MainNC.swift in Sources */ = {isa = PBXBuildFile; fileRef = D164FF0521E79D3F003BA1B3 /* MainNC.swift */; };
		D1C5C53B22380AF400A46F87 /* VideoVC.swift in Sources */ = {isa = PBXBuildFile; fileRef = D1C5C53A22380AF400A46F87 /* VideoVC.swift */; };
		D1C5C53C22380AF400A46F87 /* VideoVC.swift in Sources */ = {isa = PBXBuildFile; fileRef = D1C5C53A22380AF400A46F87 /* VideoVC.swift */; };
		D1C5C53D22380AF400A46F87 /* VideoVC.swift in Sources */ = {isa = PBXBuildFile; fileRef = D1C5C53A22380AF400A46F87 /* VideoVC.swift */; };
		D1FE2DF121A5CF2C007D92D5 /* AppDelegate.swift in Sources */ = {isa = PBXBuildFile; fileRef = D1FE2DF021A5CF2C007D92D5 /* AppDelegate.swift */; };
		D1FE2DF321A5CF2C007D92D5 /* ViewController.swift in Sources */ = {isa = PBXBuildFile; fileRef = D1FE2DF221A5CF2C007D92D5 /* ViewController.swift */; };
		D1FE2DF621A5CF2C007D92D5 /* Main.storyboard in Resources */ = {isa = PBXBuildFile; fileRef = D1FE2DF421A5CF2C007D92D5 /* Main.storyboard */; };
		D1FE2DF821A5CF2F007D92D5 /* Assets.xcassets in Resources */ = {isa = PBXBuildFile; fileRef = D1FE2DF721A5CF2F007D92D5 /* Assets.xcassets */; };
		D1FE2DFB21A5CF2F007D92D5 /* LaunchScreen.storyboard in Resources */ = {isa = PBXBuildFile; fileRef = D1FE2DF921A5CF2F007D92D5 /* LaunchScreen.storyboard */; };
		D1FE2E0621A5CF2F007D92D5 /* KinoogonTests.swift in Sources */ = {isa = PBXBuildFile; fileRef = D1FE2E0521A5CF2F007D92D5 /* KinoogonTests.swift */; };
		D1FE2E1121A5CF2F007D92D5 /* KinoogonUITests.swift in Sources */ = {isa = PBXBuildFile; fileRef = D1FE2E1021A5CF2F007D92D5 /* KinoogonUITests.swift */; };
		D1FEA83721AFC3EA00D7C488 /* UISlider.swift in Sources */ = {isa = PBXBuildFile; fileRef = D1FEA83621AFC3EA00D7C488 /* UISlider.swift */; };
		D1FEA83921AFD0C500D7C488 /* YoutubeCell.swift in Sources */ = {isa = PBXBuildFile; fileRef = D1FEA83821AFD0C500D7C488 /* YoutubeCell.swift */; };
		D1FEA83B21B040A800D7C488 /* Constants.swift in Sources */ = {isa = PBXBuildFile; fileRef = D1FEA83A21B040A800D7C488 /* Constants.swift */; };
		D1FEA83D21B04E3300D7C488 /* YouTubeVideo.swift in Sources */ = {isa = PBXBuildFile; fileRef = D1FEA83C21B04E3300D7C488 /* YouTubeVideo.swift */; };
		D1FEDDF221A84625002731A9 /* PodcastVC.swift in Sources */ = {isa = PBXBuildFile; fileRef = D1FEDDF121A84625002731A9 /* PodcastVC.swift */; };
		D1FF33E621AC6F06004F2C91 /* PlayerView.swift in Sources */ = {isa = PBXBuildFile; fileRef = D1FF33E521AC6F05004F2C91 /* PlayerView.swift */; };
		D1FF411721A6B5B600F3D2F2 /* SoundCloudVC.swift in Sources */ = {isa = PBXBuildFile; fileRef = D1FF411621A6B5B600F3D2F2 /* SoundCloudVC.swift */; };
		D1FF411921A71AA400F3D2F2 /* Blue - Curtain Falls.mp3 in Resources */ = {isa = PBXBuildFile; fileRef = D1FF411821A71AA400F3D2F2 /* Blue - Curtain Falls.mp3 */; };
		D1FFB72721A9305A0031E892 /* CustomViewControllerAnimator.swift in Sources */ = {isa = PBXBuildFile; fileRef = D1FFB72621A9305A0031E892 /* CustomViewControllerAnimator.swift */; };
		D1FFB72921A939E60031E892 /* PodcastNC.swift in Sources */ = {isa = PBXBuildFile; fileRef = D1FFB72821A939E60031E892 /* PodcastNC.swift */; };
		D1FFB72B21A95E030031E892 /* TransitionInteractor.swift in Sources */ = {isa = PBXBuildFile; fileRef = D1FFB72A21A95E030031E892 /* TransitionInteractor.swift */; };
		F82DB8EAD4D11C3574AA8456 /* Pods_Kinoogon.framework in Frameworks */ = {isa = PBXBuildFile; fileRef = 582E79ABCF4DD1867FBD8071 /* Pods_Kinoogon.framework */; };
/* End PBXBuildFile section */

/* Begin PBXContainerItemProxy section */
		D1FE2E0221A5CF2F007D92D5 /* PBXContainerItemProxy */ = {
			isa = PBXContainerItemProxy;
			containerPortal = D1FE2DE521A5CF2C007D92D5 /* Project object */;
			proxyType = 1;
			remoteGlobalIDString = D1FE2DEC21A5CF2C007D92D5;
			remoteInfo = Kinoogon;
		};
		D1FE2E0D21A5CF2F007D92D5 /* PBXContainerItemProxy */ = {
			isa = PBXContainerItemProxy;
			containerPortal = D1FE2DE521A5CF2C007D92D5 /* Project object */;
			proxyType = 1;
			remoteGlobalIDString = D1FE2DEC21A5CF2C007D92D5;
			remoteInfo = Kinoogon;
		};
/* End PBXContainerItemProxy section */

/* Begin PBXFileReference section */
		582E79ABCF4DD1867FBD8071 /* Pods_Kinoogon.framework */ = {isa = PBXFileReference; explicitFileType = wrapper.framework; includeInIndex = 0; path = Pods_Kinoogon.framework; sourceTree = BUILT_PRODUCTS_DIR; };
		8391A7755C032D852278CF82 /* Pods-KinoogonTests.release.xcconfig */ = {isa = PBXFileReference; includeInIndex = 1; lastKnownFileType = text.xcconfig; name = "Pods-KinoogonTests.release.xcconfig"; path = "Pods/Target Support Files/Pods-KinoogonTests/Pods-KinoogonTests.release.xcconfig"; sourceTree = "<group>"; };
		9F8AC9E91B1E7C5DBDC408DC /* Pods-KinoogonUITests.debug.xcconfig */ = {isa = PBXFileReference; includeInIndex = 1; lastKnownFileType = text.xcconfig; name = "Pods-KinoogonUITests.debug.xcconfig"; path = "Pods/Target Support Files/Pods-KinoogonUITests/Pods-KinoogonUITests.debug.xcconfig"; sourceTree = "<group>"; };
		AA9B222E7D893F447225AE3D /* Pods_KinoogonTests.framework */ = {isa = PBXFileReference; explicitFileType = wrapper.framework; includeInIndex = 0; path = Pods_KinoogonTests.framework; sourceTree = BUILT_PRODUCTS_DIR; };
		AD616624A1E547816DBD2969 /* Pods-Kinoogon.debug.xcconfig */ = {isa = PBXFileReference; includeInIndex = 1; lastKnownFileType = text.xcconfig; name = "Pods-Kinoogon.debug.xcconfig"; path = "Pods/Target Support Files/Pods-Kinoogon/Pods-Kinoogon.debug.xcconfig"; sourceTree = "<group>"; };
		D100E55F21AEA23C00864F18 /* UILabel.swift */ = {isa = PBXFileReference; lastKnownFileType = sourcecode.swift; path = UILabel.swift; sourceTree = "<group>"; };
		D100E56121AEA77300864F18 /* UIButton.swift */ = {isa = PBXFileReference; lastKnownFileType = sourcecode.swift; path = UIButton.swift; sourceTree = "<group>"; };
		D101E6B221AAB885007690CA /* SoundCloudCell.swift */ = {isa = PBXFileReference; lastKnownFileType = sourcecode.swift; path = SoundCloudCell.swift; sourceTree = "<group>"; };
		D101F6B121AD400B00AE0309 /* PlayerView.xib */ = {isa = PBXFileReference; lastKnownFileType = file.xib; path = PlayerView.xib; sourceTree = "<group>"; };
		D102F9AC21EA3C3400994A78 /* Player.swift */ = {isa = PBXFileReference; lastKnownFileType = sourcecode.swift; path = Player.swift; sourceTree = "<group>"; };
		D102FF4C21ABF8CD00E453D1 /* YouTubeListVC.swift */ = {isa = PBXFileReference; lastKnownFileType = sourcecode.swift; path = YouTubeListVC.swift; sourceTree = "<group>"; };
		D10351392221180B00E6EE89 /* SlideAnimatedTransitioning.swift */ = {isa = PBXFileReference; lastKnownFileType = sourcecode.swift; path = SlideAnimatedTransitioning.swift; sourceTree = "<group>"; };
		D104BAE921AAFFB0001C2EAC /* video.mp4 */ = {isa = PBXFileReference; lastKnownFileType = file; path = video.mp4; sourceTree = "<group>"; };
		D105646221EB9AE5004A5D24 /* Interactive.swift */ = {isa = PBXFileReference; lastKnownFileType = sourcecode.swift; path = Interactive.swift; sourceTree = "<group>"; };
		D105C51021DF21E300EB1C14 /* GoogleService-Info.plist */ = {isa = PBXFileReference; fileEncoding = 4; lastKnownFileType = text.plist.xml; path = "GoogleService-Info.plist"; sourceTree = "<group>"; };
		D10A7265221E6A4A003FCA35 /* HostsVC.swift */ = {isa = PBXFileReference; lastKnownFileType = sourcecode.swift; path = HostsVC.swift; sourceTree = "<group>"; };
		D10A7267221E7DD9003FCA35 /* ProfileVC.swift */ = {isa = PBXFileReference; lastKnownFileType = sourcecode.swift; path = ProfileVC.swift; sourceTree = "<group>"; };
		D10A7269221E80F1003FCA35 /* Cell.swift */ = {isa = PBXFileReference; lastKnownFileType = sourcecode.swift; path = Cell.swift; sourceTree = "<group>"; };
		D10A8C602248FD9500889EEC /* PinterestLayout.swift */ = {isa = PBXFileReference; lastKnownFileType = sourcecode.swift; path = PinterestLayout.swift; sourceTree = "<group>"; };
		D10A8C62224901AC00889EEC /* Pinte.swift */ = {isa = PBXFileReference; lastKnownFileType = sourcecode.swift; path = Pinte.swift; sourceTree = "<group>"; };
		D10B3882222FA63B008106B1 /* GreenVC.swift */ = {isa = PBXFileReference; lastKnownFileType = sourcecode.swift; path = GreenVC.swift; sourceTree = "<group>"; };
		D10B3884222FA64C008106B1 /* BlueVC.swift */ = {isa = PBXFileReference; lastKnownFileType = sourcecode.swift; path = BlueVC.swift; sourceTree = "<group>"; };
		D10B3886222FA927008106B1 /* RedVC.swift */ = {isa = PBXFileReference; lastKnownFileType = sourcecode.swift; path = RedVC.swift; sourceTree = "<group>"; };
		D10C5FEA22154B7200AC3387 /* DataService.swift */ = {isa = PBXFileReference; lastKnownFileType = sourcecode.swift; path = DataService.swift; sourceTree = "<group>"; };
		D10C5FEC22154BEB00AC3387 /* DataStorage.swift */ = {isa = PBXFileReference; lastKnownFileType = sourcecode.swift; path = DataStorage.swift; sourceTree = "<group>"; };
		D10C5FEE2215570500AC3387 /* StandartCell.swift */ = {isa = PBXFileReference; lastKnownFileType = sourcecode.swift; path = StandartCell.swift; sourceTree = "<group>"; };
		D10C5FF022155AA300AC3387 /* StandartTVC.swift */ = {isa = PBXFileReference; lastKnownFileType = sourcecode.swift; path = StandartTVC.swift; sourceTree = "<group>"; };
		D10C5FF2221566A200AC3387 /* DownloadService.swift */ = {isa = PBXFileReference; lastKnownFileType = sourcecode.swift; path = DownloadService.swift; sourceTree = "<group>"; };
		D10C5FF42215683C00AC3387 /* InfoModel.swift */ = {isa = PBXFileReference; lastKnownFileType = sourcecode.swift; path = InfoModel.swift; sourceTree = "<group>"; };
		D111C7C521B443960002EFFC /* TopListVC.swift */ = {isa = PBXFileReference; lastKnownFileType = sourcecode.swift; path = TopListVC.swift; sourceTree = "<group>"; };
		D164FF0521E79D3F003BA1B3 /* MainNC.swift */ = {isa = PBXFileReference; lastKnownFileType = sourcecode.swift; path = MainNC.swift; sourceTree = "<group>"; };
		D1C5C53A22380AF400A46F87 /* VideoVC.swift */ = {isa = PBXFileReference; lastKnownFileType = sourcecode.swift; path = VideoVC.swift; sourceTree = "<group>"; };
		D1FE2DED21A5CF2C007D92D5 /* Kinoogon.app */ = {isa = PBXFileReference; explicitFileType = wrapper.application; includeInIndex = 0; path = Kinoogon.app; sourceTree = BUILT_PRODUCTS_DIR; };
		D1FE2DF021A5CF2C007D92D5 /* AppDelegate.swift */ = {isa = PBXFileReference; lastKnownFileType = sourcecode.swift; path = AppDelegate.swift; sourceTree = "<group>"; };
		D1FE2DF221A5CF2C007D92D5 /* ViewController.swift */ = {isa = PBXFileReference; lastKnownFileType = sourcecode.swift; path = ViewController.swift; sourceTree = "<group>"; };
		D1FE2DF521A5CF2C007D92D5 /* Base */ = {isa = PBXFileReference; lastKnownFileType = file.storyboard; name = Base; path = Base.lproj/Main.storyboard; sourceTree = "<group>"; };
		D1FE2DF721A5CF2F007D92D5 /* Assets.xcassets */ = {isa = PBXFileReference; lastKnownFileType = folder.assetcatalog; path = Assets.xcassets; sourceTree = "<group>"; };
		D1FE2DFA21A5CF2F007D92D5 /* Base */ = {isa = PBXFileReference; lastKnownFileType = file.storyboard; name = Base; path = Base.lproj/LaunchScreen.storyboard; sourceTree = "<group>"; };
		D1FE2DFC21A5CF2F007D92D5 /* Info.plist */ = {isa = PBXFileReference; lastKnownFileType = text.plist.xml; path = Info.plist; sourceTree = "<group>"; };
		D1FE2E0121A5CF2F007D92D5 /* KinoogonTests.xctest */ = {isa = PBXFileReference; explicitFileType = wrapper.cfbundle; includeInIndex = 0; path = KinoogonTests.xctest; sourceTree = BUILT_PRODUCTS_DIR; };
		D1FE2E0521A5CF2F007D92D5 /* KinoogonTests.swift */ = {isa = PBXFileReference; lastKnownFileType = sourcecode.swift; path = KinoogonTests.swift; sourceTree = "<group>"; };
		D1FE2E0721A5CF2F007D92D5 /* Info.plist */ = {isa = PBXFileReference; lastKnownFileType = text.plist.xml; path = Info.plist; sourceTree = "<group>"; };
		D1FE2E0C21A5CF2F007D92D5 /* KinoogonUITests.xctest */ = {isa = PBXFileReference; explicitFileType = wrapper.cfbundle; includeInIndex = 0; path = KinoogonUITests.xctest; sourceTree = BUILT_PRODUCTS_DIR; };
		D1FE2E1021A5CF2F007D92D5 /* KinoogonUITests.swift */ = {isa = PBXFileReference; lastKnownFileType = sourcecode.swift; path = KinoogonUITests.swift; sourceTree = "<group>"; };
		D1FE2E1221A5CF2F007D92D5 /* Info.plist */ = {isa = PBXFileReference; lastKnownFileType = text.plist.xml; path = Info.plist; sourceTree = "<group>"; };
		D1FEA83621AFC3EA00D7C488 /* UISlider.swift */ = {isa = PBXFileReference; lastKnownFileType = sourcecode.swift; path = UISlider.swift; sourceTree = "<group>"; };
		D1FEA83821AFD0C500D7C488 /* YoutubeCell.swift */ = {isa = PBXFileReference; lastKnownFileType = sourcecode.swift; path = YoutubeCell.swift; sourceTree = "<group>"; };
		D1FEA83A21B040A800D7C488 /* Constants.swift */ = {isa = PBXFileReference; lastKnownFileType = sourcecode.swift; path = Constants.swift; sourceTree = "<group>"; };
		D1FEA83C21B04E3300D7C488 /* YouTubeVideo.swift */ = {isa = PBXFileReference; lastKnownFileType = sourcecode.swift; path = YouTubeVideo.swift; sourceTree = "<group>"; };
		D1FEDDF121A84625002731A9 /* PodcastVC.swift */ = {isa = PBXFileReference; lastKnownFileType = sourcecode.swift; path = PodcastVC.swift; sourceTree = "<group>"; };
		D1FF33E521AC6F05004F2C91 /* PlayerView.swift */ = {isa = PBXFileReference; fileEncoding = 4; lastKnownFileType = sourcecode.swift; path = PlayerView.swift; sourceTree = "<group>"; };
		D1FF411621A6B5B600F3D2F2 /* SoundCloudVC.swift */ = {isa = PBXFileReference; lastKnownFileType = sourcecode.swift; path = SoundCloudVC.swift; sourceTree = "<group>"; };
		D1FF411821A71AA400F3D2F2 /* Blue - Curtain Falls.mp3 */ = {isa = PBXFileReference; lastKnownFileType = audio.mp3; path = "Blue - Curtain Falls.mp3"; sourceTree = "<group>"; };
		D1FFB72621A9305A0031E892 /* CustomViewControllerAnimator.swift */ = {isa = PBXFileReference; lastKnownFileType = sourcecode.swift; path = CustomViewControllerAnimator.swift; sourceTree = "<group>"; };
		D1FFB72821A939E60031E892 /* PodcastNC.swift */ = {isa = PBXFileReference; lastKnownFileType = sourcecode.swift; path = PodcastNC.swift; sourceTree = "<group>"; };
		D1FFB72A21A95E030031E892 /* TransitionInteractor.swift */ = {isa = PBXFileReference; lastKnownFileType = sourcecode.swift; path = TransitionInteractor.swift; sourceTree = "<group>"; };
		D2846FA1E72D23B302519315 /* Pods-KinoogonTests.debug.xcconfig */ = {isa = PBXFileReference; includeInIndex = 1; lastKnownFileType = text.xcconfig; name = "Pods-KinoogonTests.debug.xcconfig"; path = "Pods/Target Support Files/Pods-KinoogonTests/Pods-KinoogonTests.debug.xcconfig"; sourceTree = "<group>"; };
		D84B146E4E9A5F1AF7ED0577 /* Pods-Kinoogon.release.xcconfig */ = {isa = PBXFileReference; includeInIndex = 1; lastKnownFileType = text.xcconfig; name = "Pods-Kinoogon.release.xcconfig"; path = "Pods/Target Support Files/Pods-Kinoogon/Pods-Kinoogon.release.xcconfig"; sourceTree = "<group>"; };
		E54A9C80FF829C4385077A30 /* Pods-KinoogonUITests.release.xcconfig */ = {isa = PBXFileReference; includeInIndex = 1; lastKnownFileType = text.xcconfig; name = "Pods-KinoogonUITests.release.xcconfig"; path = "Pods/Target Support Files/Pods-KinoogonUITests/Pods-KinoogonUITests.release.xcconfig"; sourceTree = "<group>"; };
		F87981D9FF6A7EB64007BAFD /* Pods_KinoogonUITests.framework */ = {isa = PBXFileReference; explicitFileType = wrapper.framework; includeInIndex = 0; path = Pods_KinoogonUITests.framework; sourceTree = BUILT_PRODUCTS_DIR; };
/* End PBXFileReference section */

/* Begin PBXFrameworksBuildPhase section */
		D1FE2DEA21A5CF2C007D92D5 /* Frameworks */ = {
			isa = PBXFrameworksBuildPhase;
			buildActionMask = 2147483647;
			files = (
				F82DB8EAD4D11C3574AA8456 /* Pods_Kinoogon.framework in Frameworks */,
			);
			runOnlyForDeploymentPostprocessing = 0;
		};
		D1FE2DFE21A5CF2F007D92D5 /* Frameworks */ = {
			isa = PBXFrameworksBuildPhase;
			buildActionMask = 2147483647;
			files = (
				1D4CE7944129627D688EA056 /* Pods_KinoogonTests.framework in Frameworks */,
			);
			runOnlyForDeploymentPostprocessing = 0;
		};
		D1FE2E0921A5CF2F007D92D5 /* Frameworks */ = {
			isa = PBXFrameworksBuildPhase;
			buildActionMask = 2147483647;
			files = (
				AC70FFCB6BF87857BEFCAA07 /* Pods_KinoogonUITests.framework in Frameworks */,
			);
			runOnlyForDeploymentPostprocessing = 0;
		};
/* End PBXFrameworksBuildPhase section */

/* Begin PBXGroup section */
		345E8AD9B731E445D6EED933 /* Frameworks */ = {
			isa = PBXGroup;
			children = (
				582E79ABCF4DD1867FBD8071 /* Pods_Kinoogon.framework */,
				AA9B222E7D893F447225AE3D /* Pods_KinoogonTests.framework */,
				F87981D9FF6A7EB64007BAFD /* Pods_KinoogonUITests.framework */,
			);
			name = Frameworks;
			sourceTree = "<group>";
		};
		D100E55E21AEA1E000864F18 /* Extensions */ = {
			isa = PBXGroup;
			children = (
				D100E55F21AEA23C00864F18 /* UILabel.swift */,
				D100E56121AEA77300864F18 /* UIButton.swift */,
				D1FEA83621AFC3EA00D7C488 /* UISlider.swift */,
			);
			path = Extensions;
			sourceTree = "<group>";
		};
		D102F9AE21EA4E2E00994A78 /* Model */ = {
			isa = PBXGroup;
			children = (
				D1FEA83C21B04E3300D7C488 /* YouTubeVideo.swift */,
				D10C5FF42215683C00AC3387 /* InfoModel.swift */,
			);
			path = Model;
			sourceTree = "<group>";
		};
		D10B3881222FA629008106B1 /* test */ = {
			isa = PBXGroup;
			children = (
				D10B3882222FA63B008106B1 /* GreenVC.swift */,
				D10B3884222FA64C008106B1 /* BlueVC.swift */,
				D10B3886222FA927008106B1 /* RedVC.swift */,
			);
			path = test;
			sourceTree = "<group>";
		};
		D10C5FE922154B5500AC3387 /* Services */ = {
			isa = PBXGroup;
			children = (
				D10C5FEA22154B7200AC3387 /* DataService.swift */,
				D10C5FEC22154BEB00AC3387 /* DataStorage.swift */,
				D10C5FF2221566A200AC3387 /* DownloadService.swift */,
			);
			path = Services;
			sourceTree = "<group>";
		};
		D1FE2DE421A5CF2C007D92D5 = {
			isa = PBXGroup;
			children = (
				D1FE2DEF21A5CF2C007D92D5 /* Kinoogon */,
				D1FE2E0421A5CF2F007D92D5 /* KinoogonTests */,
				D1FE2E0F21A5CF2F007D92D5 /* KinoogonUITests */,
				D1FE2DEE21A5CF2C007D92D5 /* Products */,
				FD34473B54C8598D324A7E41 /* Pods */,
				345E8AD9B731E445D6EED933 /* Frameworks */,
			);
			sourceTree = "<group>";
		};
		D1FE2DEE21A5CF2C007D92D5 /* Products */ = {
			isa = PBXGroup;
			children = (
				D1FE2DED21A5CF2C007D92D5 /* Kinoogon.app */,
				D1FE2E0121A5CF2F007D92D5 /* KinoogonTests.xctest */,
				D1FE2E0C21A5CF2F007D92D5 /* KinoogonUITests.xctest */,
			);
			name = Products;
			sourceTree = "<group>";
		};
		D1FE2DEF21A5CF2C007D92D5 /* Kinoogon */ = {
			isa = PBXGroup;
			children = (
				D10C5FE922154B5500AC3387 /* Services */,
				D102F9AE21EA4E2E00994A78 /* Model */,
				D100E55E21AEA1E000864F18 /* Extensions */,
				D1FFB72521A930400031E892 /* Utils */,
				D1FEDDF321A846D1002731A9 /* Views */,
				D1FF411521A6B58800F3D2F2 /* ViewControllers */,
				D1FE2DF021A5CF2C007D92D5 /* AppDelegate.swift */,
				D1FE2DF221A5CF2C007D92D5 /* ViewController.swift */,
				D104BAE921AAFFB0001C2EAC /* video.mp4 */,
				D1FF411821A71AA400F3D2F2 /* Blue - Curtain Falls.mp3 */,
				D1FE2DF421A5CF2C007D92D5 /* Main.storyboard */,
				D1FE2DF721A5CF2F007D92D5 /* Assets.xcassets */,
				D1FE2DF921A5CF2F007D92D5 /* LaunchScreen.storyboard */,
				D1FE2DFC21A5CF2F007D92D5 /* Info.plist */,
				D105C51021DF21E300EB1C14 /* GoogleService-Info.plist */,
			);
			path = Kinoogon;
			sourceTree = "<group>";
		};
		D1FE2E0421A5CF2F007D92D5 /* KinoogonTests */ = {
			isa = PBXGroup;
			children = (
				D1FE2E0521A5CF2F007D92D5 /* KinoogonTests.swift */,
				D1FE2E0721A5CF2F007D92D5 /* Info.plist */,
			);
			path = KinoogonTests;
			sourceTree = "<group>";
		};
		D1FE2E0F21A5CF2F007D92D5 /* KinoogonUITests */ = {
			isa = PBXGroup;
			children = (
				D1FE2E1021A5CF2F007D92D5 /* KinoogonUITests.swift */,
				D1FE2E1221A5CF2F007D92D5 /* Info.plist */,
			);
			path = KinoogonUITests;
			sourceTree = "<group>";
		};
		D1FEDDF321A846D1002731A9 /* Views */ = {
			isa = PBXGroup;
			children = (
				D101F6B121AD400B00AE0309 /* PlayerView.xib */,
				D1FF33E521AC6F05004F2C91 /* PlayerView.swift */,
				D101E6B221AAB885007690CA /* SoundCloudCell.swift */,
				D1FEA83821AFD0C500D7C488 /* YoutubeCell.swift */,
				D10C5FEE2215570500AC3387 /* StandartCell.swift */,
				D10A7269221E80F1003FCA35 /* Cell.swift */,
			);
			path = Views;
			sourceTree = "<group>";
		};
		D1FF411521A6B58800F3D2F2 /* ViewControllers */ = {
			isa = PBXGroup;
			children = (
				D10B3881222FA629008106B1 /* test */,
				D1FF411621A6B5B600F3D2F2 /* SoundCloudVC.swift */,
				D1FEDDF121A84625002731A9 /* PodcastVC.swift */,
				D1FFB72821A939E60031E892 /* PodcastNC.swift */,
				D102FF4C21ABF8CD00E453D1 /* YouTubeListVC.swift */,
				D111C7C521B443960002EFFC /* TopListVC.swift */,
				D164FF0521E79D3F003BA1B3 /* MainNC.swift */,
				D10C5FF022155AA300AC3387 /* StandartTVC.swift */,
				D10A7265221E6A4A003FCA35 /* HostsVC.swift */,
				D10A7267221E7DD9003FCA35 /* ProfileVC.swift */,
				D1C5C53A22380AF400A46F87 /* VideoVC.swift */,
			);
			path = ViewControllers;
			sourceTree = "<group>";
		};
		D1FFB72521A930400031E892 /* Utils */ = {
			isa = PBXGroup;
			children = (
				D1FFB72621A9305A0031E892 /* CustomViewControllerAnimator.swift */,
				D1FFB72A21A95E030031E892 /* TransitionInteractor.swift */,
				D1FEA83A21B040A800D7C488 /* Constants.swift */,
				D102F9AC21EA3C3400994A78 /* Player.swift */,
				D105646221EB9AE5004A5D24 /* Interactive.swift */,
				D10351392221180B00E6EE89 /* SlideAnimatedTransitioning.swift */,
				D10A8C602248FD9500889EEC /* PinterestLayout.swift */,
				D10A8C62224901AC00889EEC /* Pinte.swift */,
			);
			path = Utils;
			sourceTree = "<group>";
		};
		FD34473B54C8598D324A7E41 /* Pods */ = {
			isa = PBXGroup;
			children = (
				AD616624A1E547816DBD2969 /* Pods-Kinoogon.debug.xcconfig */,
				D84B146E4E9A5F1AF7ED0577 /* Pods-Kinoogon.release.xcconfig */,
				D2846FA1E72D23B302519315 /* Pods-KinoogonTests.debug.xcconfig */,
				8391A7755C032D852278CF82 /* Pods-KinoogonTests.release.xcconfig */,
				9F8AC9E91B1E7C5DBDC408DC /* Pods-KinoogonUITests.debug.xcconfig */,
				E54A9C80FF829C4385077A30 /* Pods-KinoogonUITests.release.xcconfig */,
			);
			name = Pods;
			sourceTree = "<group>";
		};
/* End PBXGroup section */

/* Begin PBXNativeTarget section */
		D1FE2DEC21A5CF2C007D92D5 /* Kinoogon */ = {
			isa = PBXNativeTarget;
			buildConfigurationList = D1FE2E1521A5CF30007D92D5 /* Build configuration list for PBXNativeTarget "Kinoogon" */;
			buildPhases = (
				9406D0AE67E4E0225934EEB7 /* [CP] Check Pods Manifest.lock */,
				D1FE2DE921A5CF2C007D92D5 /* Sources */,
				D1FE2DEA21A5CF2C007D92D5 /* Frameworks */,
				D1FE2DEB21A5CF2C007D92D5 /* Resources */,
				38F30A67F013CCBD0C0AA82F /* [CP] Embed Pods Frameworks */,
			);
			buildRules = (
			);
			dependencies = (
			);
			name = Kinoogon;
			productName = Kinoogon;
			productReference = D1FE2DED21A5CF2C007D92D5 /* Kinoogon.app */;
			productType = "com.apple.product-type.application";
		};
		D1FE2E0021A5CF2F007D92D5 /* KinoogonTests */ = {
			isa = PBXNativeTarget;
			buildConfigurationList = D1FE2E1821A5CF30007D92D5 /* Build configuration list for PBXNativeTarget "KinoogonTests" */;
			buildPhases = (
				83DB1C0591277A94D5AE73E5 /* [CP] Check Pods Manifest.lock */,
				D1FE2DFD21A5CF2F007D92D5 /* Sources */,
				D1FE2DFE21A5CF2F007D92D5 /* Frameworks */,
				D1FE2DFF21A5CF2F007D92D5 /* Resources */,
			);
			buildRules = (
			);
			dependencies = (
				D1FE2E0321A5CF2F007D92D5 /* PBXTargetDependency */,
			);
			name = KinoogonTests;
			productName = KinoogonTests;
			productReference = D1FE2E0121A5CF2F007D92D5 /* KinoogonTests.xctest */;
			productType = "com.apple.product-type.bundle.unit-test";
		};
		D1FE2E0B21A5CF2F007D92D5 /* KinoogonUITests */ = {
			isa = PBXNativeTarget;
			buildConfigurationList = D1FE2E1B21A5CF30007D92D5 /* Build configuration list for PBXNativeTarget "KinoogonUITests" */;
			buildPhases = (
				B8B52522E63AAF65A5D17FBE /* [CP] Check Pods Manifest.lock */,
				D1FE2E0821A5CF2F007D92D5 /* Sources */,
				D1FE2E0921A5CF2F007D92D5 /* Frameworks */,
				D1FE2E0A21A5CF2F007D92D5 /* Resources */,
			);
			buildRules = (
			);
			dependencies = (
				D1FE2E0E21A5CF2F007D92D5 /* PBXTargetDependency */,
			);
			name = KinoogonUITests;
			productName = KinoogonUITests;
			productReference = D1FE2E0C21A5CF2F007D92D5 /* KinoogonUITests.xctest */;
			productType = "com.apple.product-type.bundle.ui-testing";
		};
/* End PBXNativeTarget section */

/* Begin PBXProject section */
		D1FE2DE521A5CF2C007D92D5 /* Project object */ = {
			isa = PBXProject;
			attributes = {
				LastSwiftUpdateCheck = 1010;
				LastUpgradeCheck = 1010;
				ORGANIZATIONNAME = "Sultan Karybaev";
				TargetAttributes = {
					D1FE2DEC21A5CF2C007D92D5 = {
						CreatedOnToolsVersion = 10.1;
						SystemCapabilities = {
							com.apple.BackgroundModes = {
								enabled = 1;
							};
						};
					};
					D1FE2E0021A5CF2F007D92D5 = {
						CreatedOnToolsVersion = 10.1;
						TestTargetID = D1FE2DEC21A5CF2C007D92D5;
					};
					D1FE2E0B21A5CF2F007D92D5 = {
						CreatedOnToolsVersion = 10.1;
						TestTargetID = D1FE2DEC21A5CF2C007D92D5;
					};
				};
			};
			buildConfigurationList = D1FE2DE821A5CF2C007D92D5 /* Build configuration list for PBXProject "Kinoogon" */;
			compatibilityVersion = "Xcode 9.3";
			developmentRegion = en;
			hasScannedForEncodings = 0;
			knownRegions = (
				en,
				Base,
			);
			mainGroup = D1FE2DE421A5CF2C007D92D5;
			productRefGroup = D1FE2DEE21A5CF2C007D92D5 /* Products */;
			projectDirPath = "";
			projectRoot = "";
			targets = (
				D1FE2DEC21A5CF2C007D92D5 /* Kinoogon */,
				D1FE2E0021A5CF2F007D92D5 /* KinoogonTests */,
				D1FE2E0B21A5CF2F007D92D5 /* KinoogonUITests */,
			);
		};
/* End PBXProject section */

/* Begin PBXResourcesBuildPhase section */
		D1FE2DEB21A5CF2C007D92D5 /* Resources */ = {
			isa = PBXResourcesBuildPhase;
			buildActionMask = 2147483647;
			files = (
				D104BAEC21AB0167001C2EAC /* video.mp4 in Resources */,
				D1FE2DFB21A5CF2F007D92D5 /* LaunchScreen.storyboard in Resources */,
				D101F6B321AD400B00AE0309 /* PlayerView.xib in Resources */,
				D1FE2DF821A5CF2F007D92D5 /* Assets.xcassets in Resources */,
				D1FE2DF621A5CF2C007D92D5 /* Main.storyboard in Resources */,
				D1FF411921A71AA400F3D2F2 /* Blue - Curtain Falls.mp3 in Resources */,
				D105C51121DF21E300EB1C14 /* GoogleService-Info.plist in Resources */,
			);
			runOnlyForDeploymentPostprocessing = 0;
		};
		D1FE2DFF21A5CF2F007D92D5 /* Resources */ = {
			isa = PBXResourcesBuildPhase;
			buildActionMask = 2147483647;
			files = (
			);
			runOnlyForDeploymentPostprocessing = 0;
		};
		D1FE2E0A21A5CF2F007D92D5 /* Resources */ = {
			isa = PBXResourcesBuildPhase;
			buildActionMask = 2147483647;
			files = (
			);
			runOnlyForDeploymentPostprocessing = 0;
		};
/* End PBXResourcesBuildPhase section */

/* Begin PBXShellScriptBuildPhase section */
		38F30A67F013CCBD0C0AA82F /* [CP] Embed Pods Frameworks */ = {
			isa = PBXShellScriptBuildPhase;
			buildActionMask = 2147483647;
			files = (
			);
			inputPaths = (
				"${SRCROOT}/Pods/Target Support Files/Pods-Kinoogon/Pods-Kinoogon-frameworks.sh",
				"${BUILT_PRODUCTS_DIR}/Alamofire/Alamofire.framework",
				"${BUILT_PRODUCTS_DIR}/BoringSSL/openssl.framework",
				"${BUILT_PRODUCTS_DIR}/CodableFirebase/CodableFirebase.framework",
				"${BUILT_PRODUCTS_DIR}/GTMSessionFetcher/GTMSessionFetcher.framework",
				"${BUILT_PRODUCTS_DIR}/GoogleUtilities/GoogleUtilities.framework",
				"${BUILT_PRODUCTS_DIR}/Protobuf/Protobuf.framework",
				"${BUILT_PRODUCTS_DIR}/SwiftyJSON/SwiftyJSON.framework",
				"${BUILT_PRODUCTS_DIR}/YouTubePlayer/YouTubePlayer.framework",
				"${BUILT_PRODUCTS_DIR}/gRPC/GRPCClient.framework",
				"${BUILT_PRODUCTS_DIR}/gRPC-C++/grpcpp.framework",
				"${BUILT_PRODUCTS_DIR}/gRPC-Core/grpc.framework",
				"${BUILT_PRODUCTS_DIR}/gRPC-ProtoRPC/ProtoRPC.framework",
				"${BUILT_PRODUCTS_DIR}/gRPC-RxLibrary/RxLibrary.framework",
				"${BUILT_PRODUCTS_DIR}/leveldb-library/leveldb.framework",
				"${BUILT_PRODUCTS_DIR}/nanopb/nanopb.framework",
				"${BUILT_PRODUCTS_DIR}/youtube-ios-player-helper-swift/youtube_ios_player_helper_swift.framework",
			);
			name = "[CP] Embed Pods Frameworks";
			outputPaths = (
				"${TARGET_BUILD_DIR}/${FRAMEWORKS_FOLDER_PATH}/Alamofire.framework",
				"${TARGET_BUILD_DIR}/${FRAMEWORKS_FOLDER_PATH}/openssl.framework",
				"${TARGET_BUILD_DIR}/${FRAMEWORKS_FOLDER_PATH}/CodableFirebase.framework",
				"${TARGET_BUILD_DIR}/${FRAMEWORKS_FOLDER_PATH}/GTMSessionFetcher.framework",
				"${TARGET_BUILD_DIR}/${FRAMEWORKS_FOLDER_PATH}/GoogleUtilities.framework",
				"${TARGET_BUILD_DIR}/${FRAMEWORKS_FOLDER_PATH}/Protobuf.framework",
				"${TARGET_BUILD_DIR}/${FRAMEWORKS_FOLDER_PATH}/SwiftyJSON.framework",
				"${TARGET_BUILD_DIR}/${FRAMEWORKS_FOLDER_PATH}/YouTubePlayer.framework",
				"${TARGET_BUILD_DIR}/${FRAMEWORKS_FOLDER_PATH}/GRPCClient.framework",
				"${TARGET_BUILD_DIR}/${FRAMEWORKS_FOLDER_PATH}/grpcpp.framework",
				"${TARGET_BUILD_DIR}/${FRAMEWORKS_FOLDER_PATH}/grpc.framework",
				"${TARGET_BUILD_DIR}/${FRAMEWORKS_FOLDER_PATH}/ProtoRPC.framework",
				"${TARGET_BUILD_DIR}/${FRAMEWORKS_FOLDER_PATH}/RxLibrary.framework",
				"${TARGET_BUILD_DIR}/${FRAMEWORKS_FOLDER_PATH}/leveldb.framework",
				"${TARGET_BUILD_DIR}/${FRAMEWORKS_FOLDER_PATH}/nanopb.framework",
				"${TARGET_BUILD_DIR}/${FRAMEWORKS_FOLDER_PATH}/youtube_ios_player_helper_swift.framework",
			);
			runOnlyForDeploymentPostprocessing = 0;
			shellPath = /bin/sh;
			shellScript = "\"${SRCROOT}/Pods/Target Support Files/Pods-Kinoogon/Pods-Kinoogon-frameworks.sh\"\n";
			showEnvVarsInLog = 0;
		};
		83DB1C0591277A94D5AE73E5 /* [CP] Check Pods Manifest.lock */ = {
			isa = PBXShellScriptBuildPhase;
			buildActionMask = 2147483647;
			files = (
			);
			inputPaths = (
				"${PODS_PODFILE_DIR_PATH}/Podfile.lock",
				"${PODS_ROOT}/Manifest.lock",
			);
			name = "[CP] Check Pods Manifest.lock";
			outputPaths = (
				"$(DERIVED_FILE_DIR)/Pods-KinoogonTests-checkManifestLockResult.txt",
			);
			runOnlyForDeploymentPostprocessing = 0;
			shellPath = /bin/sh;
			shellScript = "diff \"${PODS_PODFILE_DIR_PATH}/Podfile.lock\" \"${PODS_ROOT}/Manifest.lock\" > /dev/null\nif [ $? != 0 ] ; then\n    # print error to STDERR\n    echo \"error: The sandbox is not in sync with the Podfile.lock. Run 'pod install' or update your CocoaPods installation.\" >&2\n    exit 1\nfi\n# This output is used by Xcode 'outputs' to avoid re-running this script phase.\necho \"SUCCESS\" > \"${SCRIPT_OUTPUT_FILE_0}\"\n";
			showEnvVarsInLog = 0;
		};
		9406D0AE67E4E0225934EEB7 /* [CP] Check Pods Manifest.lock */ = {
			isa = PBXShellScriptBuildPhase;
			buildActionMask = 2147483647;
			files = (
			);
			inputPaths = (
				"${PODS_PODFILE_DIR_PATH}/Podfile.lock",
				"${PODS_ROOT}/Manifest.lock",
			);
			name = "[CP] Check Pods Manifest.lock";
			outputPaths = (
				"$(DERIVED_FILE_DIR)/Pods-Kinoogon-checkManifestLockResult.txt",
			);
			runOnlyForDeploymentPostprocessing = 0;
			shellPath = /bin/sh;
			shellScript = "diff \"${PODS_PODFILE_DIR_PATH}/Podfile.lock\" \"${PODS_ROOT}/Manifest.lock\" > /dev/null\nif [ $? != 0 ] ; then\n    # print error to STDERR\n    echo \"error: The sandbox is not in sync with the Podfile.lock. Run 'pod install' or update your CocoaPods installation.\" >&2\n    exit 1\nfi\n# This output is used by Xcode 'outputs' to avoid re-running this script phase.\necho \"SUCCESS\" > \"${SCRIPT_OUTPUT_FILE_0}\"\n";
			showEnvVarsInLog = 0;
		};
		B8B52522E63AAF65A5D17FBE /* [CP] Check Pods Manifest.lock */ = {
			isa = PBXShellScriptBuildPhase;
			buildActionMask = 2147483647;
			files = (
			);
			inputPaths = (
				"${PODS_PODFILE_DIR_PATH}/Podfile.lock",
				"${PODS_ROOT}/Manifest.lock",
			);
			name = "[CP] Check Pods Manifest.lock";
			outputPaths = (
				"$(DERIVED_FILE_DIR)/Pods-KinoogonUITests-checkManifestLockResult.txt",
			);
			runOnlyForDeploymentPostprocessing = 0;
			shellPath = /bin/sh;
			shellScript = "diff \"${PODS_PODFILE_DIR_PATH}/Podfile.lock\" \"${PODS_ROOT}/Manifest.lock\" > /dev/null\nif [ $? != 0 ] ; then\n    # print error to STDERR\n    echo \"error: The sandbox is not in sync with the Podfile.lock. Run 'pod install' or update your CocoaPods installation.\" >&2\n    exit 1\nfi\n# This output is used by Xcode 'outputs' to avoid re-running this script phase.\necho \"SUCCESS\" > \"${SCRIPT_OUTPUT_FILE_0}\"\n";
			showEnvVarsInLog = 0;
		};
/* End PBXShellScriptBuildPhase section */

/* Begin PBXSourcesBuildPhase section */
		D1FE2DE921A5CF2C007D92D5 /* Sources */ = {
			isa = PBXSourcesBuildPhase;
			buildActionMask = 2147483647;
			files = (
				D1FE2DF321A5CF2C007D92D5 /* ViewController.swift in Sources */,
				D1FEA83D21B04E3300D7C488 /* YouTubeVideo.swift in Sources */,
				D1FEA83921AFD0C500D7C488 /* YoutubeCell.swift in Sources */,
				D10C5FF52215683C00AC3387 /* InfoModel.swift in Sources */,
				D1FEDDF221A84625002731A9 /* PodcastVC.swift in Sources */,
				D10A7268221E7DD9003FCA35 /* ProfileVC.swift in Sources */,
				D102FF4D21ABF8CD00E453D1 /* YouTubeListVC.swift in Sources */,
				D10A726A221E80F1003FCA35 /* Cell.swift in Sources */,
				D10B3885222FA64C008106B1 /* BlueVC.swift in Sources */,
				D103513A2221180B00E6EE89 /* SlideAnimatedTransitioning.swift in Sources */,
				D10A8C612248FD9500889EEC /* PinterestLayout.swift in Sources */,
				D100E56021AEA23C00864F18 /* UILabel.swift in Sources */,
				D1FEA83B21B040A800D7C488 /* Constants.swift in Sources */,
				D1FFB72B21A95E030031E892 /* TransitionInteractor.swift in Sources */,
				D10A7266221E6A4A003FCA35 /* HostsVC.swift in Sources */,
				D10B3883222FA63B008106B1 /* GreenVC.swift in Sources */,
				D1FFB72721A9305A0031E892 /* CustomViewControllerAnimator.swift in Sources */,
				D164FF0621E79D3F003BA1B3 /* MainNC.swift in Sources */,
				D1FFB72921A939E60031E892 /* PodcastNC.swift in Sources */,
				D1FE2DF121A5CF2C007D92D5 /* AppDelegate.swift in Sources */,
				D1FF33E621AC6F06004F2C91 /* PlayerView.swift in Sources */,
				D1C5C53B22380AF400A46F87 /* VideoVC.swift in Sources */,
				D10C5FED22154BEB00AC3387 /* DataStorage.swift in Sources */,
				D1FF411721A6B5B600F3D2F2 /* SoundCloudVC.swift in Sources */,
				D10C5FF3221566A200AC3387 /* DownloadService.swift in Sources */,
				D105646321EB9AE5004A5D24 /* Interactive.swift in Sources */,
				D10C5FEB22154B7200AC3387 /* DataService.swift in Sources */,
				D10B3887222FA927008106B1 /* RedVC.swift in Sources */,
				D101E6B321AAB885007690CA /* SoundCloudCell.swift in Sources */,
				D10C5FF122155AA300AC3387 /* StandartTVC.swift in Sources */,
				D10A8C63224901AC00889EEC /* Pinte.swift in Sources */,
				D111C7C621B443960002EFFC /* TopListVC.swift in Sources */,
				D10C5FEF2215570500AC3387 /* StandartCell.swift in Sources */,
				D102F9AD21EA3C3400994A78 /* Player.swift in Sources */,
				D100E56221AEA77300864F18 /* UIButton.swift in Sources */,
				D1FEA83721AFC3EA00D7C488 /* UISlider.swift in Sources */,
			);
			runOnlyForDeploymentPostprocessing = 0;
		};
		D1FE2DFD21A5CF2F007D92D5 /* Sources */ = {
			isa = PBXSourcesBuildPhase;
			buildActionMask = 2147483647;
			files = (
				D1C5C53C22380AF400A46F87 /* VideoVC.swift in Sources */,
				D1FE2E0621A5CF2F007D92D5 /* KinoogonTests.swift in Sources */,
			);
			runOnlyForDeploymentPostprocessing = 0;
		};
		D1FE2E0821A5CF2F007D92D5 /* Sources */ = {
			isa = PBXSourcesBuildPhase;
			buildActionMask = 2147483647;
			files = (
				D1C5C53D22380AF400A46F87 /* VideoVC.swift in Sources */,
				D1FE2E1121A5CF2F007D92D5 /* KinoogonUITests.swift in Sources */,
			);
			runOnlyForDeploymentPostprocessing = 0;
		};
/* End PBXSourcesBuildPhase section */

/* Begin PBXTargetDependency section */
		D1FE2E0321A5CF2F007D92D5 /* PBXTargetDependency */ = {
			isa = PBXTargetDependency;
			target = D1FE2DEC21A5CF2C007D92D5 /* Kinoogon */;
			targetProxy = D1FE2E0221A5CF2F007D92D5 /* PBXContainerItemProxy */;
		};
		D1FE2E0E21A5CF2F007D92D5 /* PBXTargetDependency */ = {
			isa = PBXTargetDependency;
			target = D1FE2DEC21A5CF2C007D92D5 /* Kinoogon */;
			targetProxy = D1FE2E0D21A5CF2F007D92D5 /* PBXContainerItemProxy */;
		};
/* End PBXTargetDependency section */

/* Begin PBXVariantGroup section */
		D1FE2DF421A5CF2C007D92D5 /* Main.storyboard */ = {
			isa = PBXVariantGroup;
			children = (
				D1FE2DF521A5CF2C007D92D5 /* Base */,
			);
			name = Main.storyboard;
			sourceTree = "<group>";
		};
		D1FE2DF921A5CF2F007D92D5 /* LaunchScreen.storyboard */ = {
			isa = PBXVariantGroup;
			children = (
				D1FE2DFA21A5CF2F007D92D5 /* Base */,
			);
			name = LaunchScreen.storyboard;
			sourceTree = "<group>";
		};
/* End PBXVariantGroup section */

/* Begin XCBuildConfiguration section */
		D1FE2E1321A5CF30007D92D5 /* Debug */ = {
			isa = XCBuildConfiguration;
			buildSettings = {
				ALWAYS_SEARCH_USER_PATHS = NO;
				CLANG_ANALYZER_NONNULL = YES;
				CLANG_ANALYZER_NUMBER_OBJECT_CONVERSION = YES_AGGRESSIVE;
				CLANG_CXX_LANGUAGE_STANDARD = "gnu++14";
				CLANG_CXX_LIBRARY = "libc++";
				CLANG_ENABLE_MODULES = YES;
				CLANG_ENABLE_OBJC_ARC = YES;
				CLANG_ENABLE_OBJC_WEAK = YES;
				CLANG_WARN_BLOCK_CAPTURE_AUTORELEASING = YES;
				CLANG_WARN_BOOL_CONVERSION = YES;
				CLANG_WARN_COMMA = YES;
				CLANG_WARN_CONSTANT_CONVERSION = YES;
				CLANG_WARN_DEPRECATED_OBJC_IMPLEMENTATIONS = YES;
				CLANG_WARN_DIRECT_OBJC_ISA_USAGE = YES_ERROR;
				CLANG_WARN_DOCUMENTATION_COMMENTS = YES;
				CLANG_WARN_EMPTY_BODY = YES;
				CLANG_WARN_ENUM_CONVERSION = YES;
				CLANG_WARN_INFINITE_RECURSION = YES;
				CLANG_WARN_INT_CONVERSION = YES;
				CLANG_WARN_NON_LITERAL_NULL_CONVERSION = YES;
				CLANG_WARN_OBJC_IMPLICIT_RETAIN_SELF = YES;
				CLANG_WARN_OBJC_LITERAL_CONVERSION = YES;
				CLANG_WARN_OBJC_ROOT_CLASS = YES_ERROR;
				CLANG_WARN_RANGE_LOOP_ANALYSIS = YES;
				CLANG_WARN_STRICT_PROTOTYPES = YES;
				CLANG_WARN_SUSPICIOUS_MOVE = YES;
				CLANG_WARN_UNGUARDED_AVAILABILITY = YES_AGGRESSIVE;
				CLANG_WARN_UNREACHABLE_CODE = YES;
				CLANG_WARN__DUPLICATE_METHOD_MATCH = YES;
				CODE_SIGN_IDENTITY = "iPhone Developer";
				COPY_PHASE_STRIP = NO;
				DEBUG_INFORMATION_FORMAT = dwarf;
				ENABLE_STRICT_OBJC_MSGSEND = YES;
				ENABLE_TESTABILITY = YES;
				GCC_C_LANGUAGE_STANDARD = gnu11;
				GCC_DYNAMIC_NO_PIC = NO;
				GCC_NO_COMMON_BLOCKS = YES;
				GCC_OPTIMIZATION_LEVEL = 0;
				GCC_PREPROCESSOR_DEFINITIONS = (
					"DEBUG=1",
					"$(inherited)",
				);
				GCC_WARN_64_TO_32_BIT_CONVERSION = YES;
				GCC_WARN_ABOUT_RETURN_TYPE = YES_ERROR;
				GCC_WARN_UNDECLARED_SELECTOR = YES;
				GCC_WARN_UNINITIALIZED_AUTOS = YES_AGGRESSIVE;
				GCC_WARN_UNUSED_FUNCTION = YES;
				GCC_WARN_UNUSED_VARIABLE = YES;
				IPHONEOS_DEPLOYMENT_TARGET = 12.1;
				MTL_ENABLE_DEBUG_INFO = INCLUDE_SOURCE;
				MTL_FAST_MATH = YES;
				ONLY_ACTIVE_ARCH = YES;
				SDKROOT = iphoneos;
				SWIFT_ACTIVE_COMPILATION_CONDITIONS = DEBUG;
				SWIFT_OPTIMIZATION_LEVEL = "-Onone";
			};
			name = Debug;
		};
		D1FE2E1421A5CF30007D92D5 /* Release */ = {
			isa = XCBuildConfiguration;
			buildSettings = {
				ALWAYS_SEARCH_USER_PATHS = NO;
				CLANG_ANALYZER_NONNULL = YES;
				CLANG_ANALYZER_NUMBER_OBJECT_CONVERSION = YES_AGGRESSIVE;
				CLANG_CXX_LANGUAGE_STANDARD = "gnu++14";
				CLANG_CXX_LIBRARY = "libc++";
				CLANG_ENABLE_MODULES = YES;
				CLANG_ENABLE_OBJC_ARC = YES;
				CLANG_ENABLE_OBJC_WEAK = YES;
				CLANG_WARN_BLOCK_CAPTURE_AUTORELEASING = YES;
				CLANG_WARN_BOOL_CONVERSION = YES;
				CLANG_WARN_COMMA = YES;
				CLANG_WARN_CONSTANT_CONVERSION = YES;
				CLANG_WARN_DEPRECATED_OBJC_IMPLEMENTATIONS = YES;
				CLANG_WARN_DIRECT_OBJC_ISA_USAGE = YES_ERROR;
				CLANG_WARN_DOCUMENTATION_COMMENTS = YES;
				CLANG_WARN_EMPTY_BODY = YES;
				CLANG_WARN_ENUM_CONVERSION = YES;
				CLANG_WARN_INFINITE_RECURSION = YES;
				CLANG_WARN_INT_CONVERSION = YES;
				CLANG_WARN_NON_LITERAL_NULL_CONVERSION = YES;
				CLANG_WARN_OBJC_IMPLICIT_RETAIN_SELF = YES;
				CLANG_WARN_OBJC_LITERAL_CONVERSION = YES;
				CLANG_WARN_OBJC_ROOT_CLASS = YES_ERROR;
				CLANG_WARN_RANGE_LOOP_ANALYSIS = YES;
				CLANG_WARN_STRICT_PROTOTYPES = YES;
				CLANG_WARN_SUSPICIOUS_MOVE = YES;
				CLANG_WARN_UNGUARDED_AVAILABILITY = YES_AGGRESSIVE;
				CLANG_WARN_UNREACHABLE_CODE = YES;
				CLANG_WARN__DUPLICATE_METHOD_MATCH = YES;
				CODE_SIGN_IDENTITY = "iPhone Developer";
				COPY_PHASE_STRIP = NO;
				DEBUG_INFORMATION_FORMAT = "dwarf-with-dsym";
				ENABLE_NS_ASSERTIONS = NO;
				ENABLE_STRICT_OBJC_MSGSEND = YES;
				GCC_C_LANGUAGE_STANDARD = gnu11;
				GCC_NO_COMMON_BLOCKS = YES;
				GCC_WARN_64_TO_32_BIT_CONVERSION = YES;
				GCC_WARN_ABOUT_RETURN_TYPE = YES_ERROR;
				GCC_WARN_UNDECLARED_SELECTOR = YES;
				GCC_WARN_UNINITIALIZED_AUTOS = YES_AGGRESSIVE;
				GCC_WARN_UNUSED_FUNCTION = YES;
				GCC_WARN_UNUSED_VARIABLE = YES;
				IPHONEOS_DEPLOYMENT_TARGET = 12.1;
				MTL_ENABLE_DEBUG_INFO = NO;
				MTL_FAST_MATH = YES;
				SDKROOT = iphoneos;
				SWIFT_COMPILATION_MODE = wholemodule;
				SWIFT_OPTIMIZATION_LEVEL = "-O";
				VALIDATE_PRODUCT = YES;
			};
			name = Release;
		};
		D1FE2E1621A5CF30007D92D5 /* Debug */ = {
			isa = XCBuildConfiguration;
			baseConfigurationReference = AD616624A1E547816DBD2969 /* Pods-Kinoogon.debug.xcconfig */;
			buildSettings = {
				ASSETCATALOG_COMPILER_APPICON_NAME = AppIcon;
				CODE_SIGN_STYLE = Automatic;
				DEVELOPMENT_TEAM = 78TPJ6Q7L6;
				INFOPLIST_FILE = Kinoogon/Info.plist;
				IPHONEOS_DEPLOYMENT_TARGET = 9.0;
				LD_RUNPATH_SEARCH_PATHS = (
					"$(inherited)",
					"@executable_path/Frameworks",
				);
				OTHER_SWIFT_FLAGS = "$(inherited) \"-D\" \"COCOAPODS\"";
				PRODUCT_BUNDLE_IDENTIFIER = com.sultankarybaev.Kinoogon;
				PRODUCT_NAME = "$(TARGET_NAME)";
				SWIFT_VERSION = 4.2;
				SWIFT_WHOLE_MODULE_OPTIMIZATION = YES;
				TARGETED_DEVICE_FAMILY = 1;
			};
			name = Debug;
		};
		D1FE2E1721A5CF30007D92D5 /* Release */ = {
			isa = XCBuildConfiguration;
			baseConfigurationReference = D84B146E4E9A5F1AF7ED0577 /* Pods-Kinoogon.release.xcconfig */;
			buildSettings = {
				ASSETCATALOG_COMPILER_APPICON_NAME = AppIcon;
				CODE_SIGN_STYLE = Automatic;
				DEVELOPMENT_TEAM = 78TPJ6Q7L6;
				INFOPLIST_FILE = Kinoogon/Info.plist;
				IPHONEOS_DEPLOYMENT_TARGET = 9.0;
				LD_RUNPATH_SEARCH_PATHS = (
					"$(inherited)",
					"@executable_path/Frameworks",
				);
				PRODUCT_BUNDLE_IDENTIFIER = com.sultankarybaev.Kinoogon;
				PRODUCT_NAME = "$(TARGET_NAME)";
				SWIFT_VERSION = 4.2;
				SWIFT_WHOLE_MODULE_OPTIMIZATION = YES;
				TARGETED_DEVICE_FAMILY = 1;
			};
			name = Release;
		};
		D1FE2E1921A5CF30007D92D5 /* Debug */ = {
			isa = XCBuildConfiguration;
			baseConfigurationReference = D2846FA1E72D23B302519315 /* Pods-KinoogonTests.debug.xcconfig */;
			buildSettings = {
				ALWAYS_EMBED_SWIFT_STANDARD_LIBRARIES = YES;
				BUNDLE_LOADER = "$(TEST_HOST)";
				CODE_SIGN_STYLE = Automatic;
				DEVELOPMENT_TEAM = 78TPJ6Q7L6;
				INFOPLIST_FILE = KinoogonTests/Info.plist;
				LD_RUNPATH_SEARCH_PATHS = (
					"$(inherited)",
					"@executable_path/Frameworks",
					"@loader_path/Frameworks",
				);
				PRODUCT_BUNDLE_IDENTIFIER = com.sultankarybaev.KinoogonTests;
				PRODUCT_NAME = "$(TARGET_NAME)";
				SWIFT_VERSION = 4.2;
				TARGETED_DEVICE_FAMILY = "1,2";
				TEST_HOST = "$(BUILT_PRODUCTS_DIR)/Kinoogon.app/Kinoogon";
			};
			name = Debug;
		};
		D1FE2E1A21A5CF30007D92D5 /* Release */ = {
			isa = XCBuildConfiguration;
			baseConfigurationReference = 8391A7755C032D852278CF82 /* Pods-KinoogonTests.release.xcconfig */;
			buildSettings = {
				ALWAYS_EMBED_SWIFT_STANDARD_LIBRARIES = YES;
				BUNDLE_LOADER = "$(TEST_HOST)";
				CODE_SIGN_STYLE = Automatic;
				DEVELOPMENT_TEAM = 78TPJ6Q7L6;
				INFOPLIST_FILE = KinoogonTests/Info.plist;
				LD_RUNPATH_SEARCH_PATHS = (
					"$(inherited)",
					"@executable_path/Frameworks",
					"@loader_path/Frameworks",
				);
				PRODUCT_BUNDLE_IDENTIFIER = com.sultankarybaev.KinoogonTests;
				PRODUCT_NAME = "$(TARGET_NAME)";
				SWIFT_VERSION = 4.2;
				TARGETED_DEVICE_FAMILY = "1,2";
				TEST_HOST = "$(BUILT_PRODUCTS_DIR)/Kinoogon.app/Kinoogon";
			};
			name = Release;
		};
		D1FE2E1C21A5CF30007D92D5 /* Debug */ = {
			isa = XCBuildConfiguration;
			baseConfigurationReference = 9F8AC9E91B1E7C5DBDC408DC /* Pods-KinoogonUITests.debug.xcconfig */;
			buildSettings = {
				ALWAYS_EMBED_SWIFT_STANDARD_LIBRARIES = YES;
				CODE_SIGN_STYLE = Automatic;
				DEVELOPMENT_TEAM = 78TPJ6Q7L6;
				INFOPLIST_FILE = KinoogonUITests/Info.plist;
				LD_RUNPATH_SEARCH_PATHS = (
					"$(inherited)",
					"@executable_path/Frameworks",
					"@loader_path/Frameworks",
				);
				PRODUCT_BUNDLE_IDENTIFIER = com.sultankarybaev.KinoogonUITests;
				PRODUCT_NAME = "$(TARGET_NAME)";
				SWIFT_VERSION = 4.2;
				TARGETED_DEVICE_FAMILY = "1,2";
				TEST_TARGET_NAME = Kinoogon;
			};
			name = Debug;
		};
		D1FE2E1D21A5CF30007D92D5 /* Release */ = {
			isa = XCBuildConfiguration;
			baseConfigurationReference = E54A9C80FF829C4385077A30 /* Pods-KinoogonUITests.release.xcconfig */;
			buildSettings = {
				ALWAYS_EMBED_SWIFT_STANDARD_LIBRARIES = YES;
				CODE_SIGN_STYLE = Automatic;
				DEVELOPMENT_TEAM = 78TPJ6Q7L6;
				INFOPLIST_FILE = KinoogonUITests/Info.plist;
				LD_RUNPATH_SEARCH_PATHS = (
					"$(inherited)",
					"@executable_path/Frameworks",
					"@loader_path/Frameworks",
				);
				PRODUCT_BUNDLE_IDENTIFIER = com.sultankarybaev.KinoogonUITests;
				PRODUCT_NAME = "$(TARGET_NAME)";
				SWIFT_VERSION = 4.2;
				TARGETED_DEVICE_FAMILY = "1,2";
				TEST_TARGET_NAME = Kinoogon;
			};
			name = Release;
		};
/* End XCBuildConfiguration section */

/* Begin XCConfigurationList section */
		D1FE2DE821A5CF2C007D92D5 /* Build configuration list for PBXProject "Kinoogon" */ = {
			isa = XCConfigurationList;
			buildConfigurations = (
				D1FE2E1321A5CF30007D92D5 /* Debug */,
				D1FE2E1421A5CF30007D92D5 /* Release */,
			);
			defaultConfigurationIsVisible = 0;
			defaultConfigurationName = Release;
		};
		D1FE2E1521A5CF30007D92D5 /* Build configuration list for PBXNativeTarget "Kinoogon" */ = {
			isa = XCConfigurationList;
			buildConfigurations = (
				D1FE2E1621A5CF30007D92D5 /* Debug */,
				D1FE2E1721A5CF30007D92D5 /* Release */,
			);
			defaultConfigurationIsVisible = 0;
			defaultConfigurationName = Release;
		};
		D1FE2E1821A5CF30007D92D5 /* Build configuration list for PBXNativeTarget "KinoogonTests" */ = {
			isa = XCConfigurationList;
			buildConfigurations = (
				D1FE2E1921A5CF30007D92D5 /* Debug */,
				D1FE2E1A21A5CF30007D92D5 /* Release */,
			);
			defaultConfigurationIsVisible = 0;
			defaultConfigurationName = Release;
		};
		D1FE2E1B21A5CF30007D92D5 /* Build configuration list for PBXNativeTarget "KinoogonUITests" */ = {
			isa = XCConfigurationList;
			buildConfigurations = (
				D1FE2E1C21A5CF30007D92D5 /* Debug */,
				D1FE2E1D21A5CF30007D92D5 /* Release */,
			);
			defaultConfigurationIsVisible = 0;
			defaultConfigurationName = Release;
		};
/* End XCConfigurationList section */
	};
	rootObject = D1FE2DE521A5CF2C007D92D5 /* Project object */;
}
